<?xml version="1.0" encoding="UTF-8" standalone="yes" ?>
<CodeBlocks_project_file>
	<FileVersion major="1" minor="6" />
	<Project>
		<Option title="project1" />
		<Option pch_mode="2" />
		<Option compiler="gcc" />
		<Build>
			<Target title="Debug">
				<Option output="bin/Debug/project1" prefix_auto="1" extension_auto="1" />
				<Option object_output="obj/Debug/" />
				<Option type="1" />
				<Option compiler="gcc" />
				<Compiler>
					<Add option="-std=c++11" />
					<Add option="-g" />
					<Add option='-I&quot;/home/pvnick/data_structures_and_algorithms/projects/1/input&quot;' />
				</Compiler>
			</Target>
			<Target title="Release">
				<Option output="bin/Release/project1" prefix_auto="1" extension_auto="1" />
				<Option object_output="obj/Release/" />
				<Option type="1" />
				<Option compiler="gcc" />
				<Compiler>
					<Add option="-O2" />
				</Compiler>
				<Linker>
					<Add option="-s" />
				</Linker>
			</Target>
		</Build>
		<Compiler>
			<Add option="-Wall" />
			<Add option="-fexceptions" />
		</Compiler>
		<Unit filename="input/cdal/source/CDAL.h" />
		<Unit filename="input/cdal/source/catch.hpp" />
		<Unit filename="input/cdal/source/insert.h" />
		<Unit filename="input/cdal/source/list_tester.h" />
		<Unit filename="input/cdal/source/old_tests/fuzzer.h" />
		<Unit filename="input/cdal/source/old_tests/list_tester.h" />
		<Unit filename="input/psll/source/PSLL.h" />
		<Unit filename="input/psll/source/catch.hpp" />
		<Unit filename="input/psll/source/insert.h" />
		<Unit filename="input/psll/source/list_tester.h" />
		<Unit filename="input/psll/source/old_tests/fuzzer.h" />
		<Unit filename="input/psll/source/old_tests/list_tester.h" />
		<Unit filename="input/sdal/source/SDAL.h" />
		<Unit filename="input/sdal/source/catch.hpp" />
		<Unit filename="input/sdal/source/insert.h" />
		<Unit filename="input/sdal/source/list_tester.h" />
		<Unit filename="input/sdal/source/old_tests/fuzzer.h" />
		<Unit filename="input/sdal/source/old_tests/list_tester.h" />
		<Unit filename="input/ssll/source/SSLL.h" />
		<Unit filename="input/ssll/source/catch.hpp" />
		<Unit filename="input/ssll/source/insert.h" />
		<Unit filename="input/ssll/source/list_tester.h" />
		<Unit filename="input/ssll/source/old_tests/fuzzer.cpp" />
		<Unit filename="input/ssll/source/old_tests/fuzzer.h" />
		<Unit filename="input/ssll/source/old_tests/list_tester.h" />
		<Extensions>
			<code_completion />
			<debugger />
		</Extensions>
	</Project>
</CodeBlocks_project_file>
